
Microsoft Visual Studio Solution File, Format Version 12.00
# Visual Studio Express 2012 for Windows Desktop
Project("{FAE04EC0-301F-11D3-BF4B-00C04F79EFBC}") = "Sanabria.Ignacio.2D.TP1", "Sanabria.Ignacio.2D.TP1\Sanabria.Ignacio.2D.TP1.csproj", "{1C6CF97E-2A13-4B17-B0C5-1127C02E5A6C}"
EndProject
Global
	GlobalSection(SolutionConfigurationPlatforms) = preSolution
		Debug|Any CPU = Debug|Any CPU
		Release|Any CPU = Release|Any CPU
	EndGlobalSection
	GlobalSection(ProjectConfigurationPlatforms) = postSolution
		{1C6CF97E-2A13-4B17-B0C5-1127C02E5A6C}.Debug|Any CPU.ActiveCfg = Debug|Any CPU
		{1C6CF97E-2A13-4B17-B0C5-1127C02E5A6C}.Debug|Any CPU.Build.0 = Debug|Any CPU
		{1C6CF97E-2A13-4B17-B0C5-1127C02E5A6C}.Release|Any CPU.ActiveCfg = Release|Any CPU
		{1C6CF97E-2A13-4B17-B0C5-1127C02E5A6C}.Release|Any CPU.Build.0 = Release|Any CPU
	EndGlobalSection
	GlobalSection(SolutionProperties) = preSolution
		HideSolutionNode = FALSE
	EndGlobalSection
EndGlobal
